{
    "_meta": {
        "hash": {
            "sha256": "f0695a1c3088fcbe5269008d597998a7c8ba724a5bd98a0f76b5bc45265996d2"
        },
        "pipfile-spec": 6,
        "requires": {
            "python_version": "3.10"
        },
        "sources": [
            {
                "name": "pypi",
                "url": "https://pypi.org/simple",
                "verify_ssl": true
            }
        ]
    },
    "default": {
        "deap": {
            "hashes": [
                "sha256:00307dfaf693072c289fe06a9b159db4bc1a17b18215466662644ded06aa8d45",
                "sha256:0e79b5f6ee86b61cefeaa37fce632920bf5c13b7f423aae42ab8182546b331c2",
                "sha256:1a7ad4c3b27cd37a91a7e8afd26989894688793bf8c323e342d7de70f6f382d4",
                "sha256:2c905d3b861ad3d415937ce88310dcd0ef9c6fd10bb3ef3bc26d3edd3183a6af",
                "sha256:5d7381940cd06a0eb18ec8a4387bbf1c2b50bb2f50f423527d73bc5529fb8db3",
                "sha256:750b008aa522c568be7c671755a31c470d625fb5f5c0389048400ec99c1f7872",
                "sha256:82ca615fece93a2cf525d51ca54163ad122cdd546c8bc8d80bb1f0b501cdce3f",
                "sha256:8772f1b0fff042d5e516b0aebac2c706243045aa7d0de8e0b8658f380181cf31",
                "sha256:8c1ebbd90b0fa6d9f609269dd7d2dc9e5529f0f759715afc443f34c9d748551e",
                "sha256:90a75848634ba0e454097623e6968ec2a83cb1a11050daa921223aa1f28dee12",
                "sha256:98305409e91e9febfe15086a13d2adc3ee0d3c4dd5fb92b9500b84bdf435479d",
                "sha256:9fe044ea344a5cec052d8c09a0be4be087469e49eac607331d23ab592af79987",
                "sha256:b5869dc35f89077c495318d9c77a3599c2401e66c41d2c2945dd0e50cf01bde7",
                "sha256:c6ffa5765cbfcdef0fb2aee59ff4d419c02c7516ee9fb4ec6db65de97d899e82",
                "sha256:cef453baac0e267143c2ef75b717afbda33d11bc003baab4e4fc20e8cba79736",
                "sha256:d4b236e1ee95b5d18902a4abc7eb6ed0e9671bde9d60941afbcdb2ad5ca8c2c4",
                "sha256:d4c1a24243ece2a88b0bad92ea8ce297b0b6826a1750deb0c0704ecdc83088ad",
                "sha256:d6f779688e7cee6b7fe5290679a7b547d8d3bdce06a8a731abf46288bef7f3d4",
                "sha256:d9c5582604b8d0a30812e98b92e66b33fdab798665047ed361a5838e81468c83",
                "sha256:debdb33d1dd39e3cd2bafb957824de793895e9fa953b33fc50a066e176080a37",
                "sha256:f306d2599fddc7bb666d2d794e120731946b84e78d88384022f5f99ee7c0774e"
            ],
            "index": "pypi",
            "version": "==1.3.3"
        },
        "numpy": {
            "hashes": [
                "sha256:0fe563fc8ed9dc4474cbf70742673fc4391d70f4363f917599a7fa99f042d5a8",
                "sha256:12ac457b63ec8ded85d85c1e17d85efd3c2b0967ca39560b307a35a6703a4735",
                "sha256:2341f4ab6dba0834b685cce16dad5f9b6606ea8a00e6da154f5dbded70fdc4dd",
                "sha256:296d17aed51161dbad3c67ed6d164e51fcd18dbcd5dd4f9d0a9c6055dce30810",
                "sha256:488a66cb667359534bc70028d653ba1cf307bae88eab5929cd707c761ff037db",
                "sha256:4d52914c88b4930dafb6c48ba5115a96cbab40f45740239d9f4159c4ba779962",
                "sha256:5e13030f8793e9ee42f9c7d5777465a560eb78fa7e11b1c053427f2ccab90c79",
                "sha256:61be02e3bf810b60ab74e81d6d0d36246dbfb644a462458bb53b595791251911",
                "sha256:7607b598217745cc40f751da38ffd03512d33ec06f3523fb0b5f82e09f6f676d",
                "sha256:7a70a7d3ce4c0e9284e92285cba91a4a3f5214d87ee0e95928f3614a256a1488",
                "sha256:7ab46e4e7ec63c8a5e6dbf5c1b9e1c92ba23a7ebecc86c336cb7bf3bd2fb10e5",
                "sha256:8981d9b5619569899666170c7c9748920f4a5005bf79c72c07d08c8a035757b0",
                "sha256:8c053d7557a8f022ec823196d242464b6955a7e7e5015b719e76003f63f82d0f",
                "sha256:926db372bc4ac1edf81cfb6c59e2a881606b409ddc0d0920b988174b2e2a767f",
                "sha256:95d79ada05005f6f4f337d3bb9de8a7774f259341c70bc88047a1f7b96a4bcb2",
                "sha256:95de7dc7dc47a312f6feddd3da2500826defdccbc41608d0031276a24181a2c0",
                "sha256:a0882323e0ca4245eb0a3d0a74f88ce581cc33aedcfa396e415e5bba7bf05f68",
                "sha256:a8365b942f9c1a7d0f0dc974747d99dd0a0cdfc5949a33119caf05cb314682d3",
                "sha256:a8aae2fb3180940011b4862b2dd3756616841c53db9734b27bb93813cd79fce6",
                "sha256:c237129f0e732885c9a6076a537e974160482eab8f10db6292e92154d4c67d71",
                "sha256:c67b833dbccefe97cdd3f52798d430b9d3430396af7cdb2a0c32954c3ef73894",
                "sha256:ce03305dd694c4873b9429274fd41fc7eb4e0e4dea07e0af97a933b079a5814f",
                "sha256:d331afac87c92373826af83d2b2b435f57b17a5c74e6268b79355b970626e329",
                "sha256:dada341ebb79619fe00a291185bba370c9803b1e1d7051610e01ed809ef3a4ba",
                "sha256:ed2cc92af0efad20198638c69bb0fc2870a58dabfba6eb722c933b48556c686c",
                "sha256:f260da502d7441a45695199b4e7fd8ca87db659ba1c78f2bbf31f934fe76ae0e",
                "sha256:f2f390aa4da44454db40a1f0201401f9036e8d578a25f01a6e237cea238337ef",
                "sha256:f76025acc8e2114bb664294a07ede0727aa75d63a06d2fae96bf29a81747e4a7"
            ],
            "markers": "python_version >= '3.8'",
            "version": "==1.23.4"
        }
    },
    "develop": {}
}
